
Microsoft Visual Studio Solution File, Format Version 12.00
# Visual Studio Version 17
VisualStudioVersion = 17.3.32728.150
MinimumVisualStudioVersion = 10.0.40219.1
Project("{FAE04EC0-301F-11D3-BF4B-00C04F79EFBC}") = "MyWebAPi", "MyWebAPi\MyWebAPi.csproj", "{12442869-39BB-4295-869A-D8420B0DA32E}"
EndProject
Project("{FAE04EC0-301F-11D3-BF4B-00C04F79EFBC}") = "MyWebApi.Tests", "MyWebApi.Tests\MyWebApi.Tests.csproj", "{BB0E10F2-07B7-4FD9-9157-13D601890D10}"
EndProject
Global
	GlobalSection(SolutionConfigurationPlatforms) = preSolution
		Debug|Any CPU = Debug|Any CPU
		Release|Any CPU = Release|Any CPU
	EndGlobalSection
	GlobalSection(ProjectConfigurationPlatforms) = postSolution
		{12442869-39BB-4295-869A-D8420B0DA32E}.Debug|Any CPU.ActiveCfg = Debug|Any CPU
		{12442869-39BB-4295-869A-D8420B0DA32E}.Debug|Any CPU.Build.0 = Debug|Any CPU
		{12442869-39BB-4295-869A-D8420B0DA32E}.Release|Any CPU.ActiveCfg = Release|Any CPU
		{12442869-39BB-4295-869A-D8420B0DA32E}.Release|Any CPU.Build.0 = Release|Any CPU
		{BB0E10F2-07B7-4FD9-9157-13D601890D10}.Debug|Any CPU.ActiveCfg = Debug|Any CPU
		{BB0E10F2-07B7-4FD9-9157-13D601890D10}.Debug|Any CPU.Build.0 = Debug|Any CPU
		{BB0E10F2-07B7-4FD9-9157-13D601890D10}.Release|Any CPU.ActiveCfg = Release|Any CPU
		{BB0E10F2-07B7-4FD9-9157-13D601890D10}.Release|Any CPU.Build.0 = Release|Any CPU
	EndGlobalSection
	GlobalSection(SolutionProperties) = preSolution
		HideSolutionNode = FALSE
	EndGlobalSection
	GlobalSection(ExtensibilityGlobals) = postSolution
		SolutionGuid = {88D307D4-8233-432B-9457-8841A1334A9C}
	EndGlobalSection
EndGlobal
